// !$*UTF8*$!
{
	archiveVersion = 1;
	classes = {
	};
	objectVersion = 50;
	objects = {

/* Begin PBXBuildFile section */
		440AC9A62663EB160068F6B3 /* UIScreen+extension.swift in Sources */ = {isa = PBXBuildFile; fileRef = 440AC9A52663EB160068F6B3 /* UIScreen+extension.swift */; };
		44C0BBED2663F03D008D291C /* SansSerifBldFLF.otf in Resources */ = {isa = PBXBuildFile; fileRef = 44C0BBEC2663F03D008D291C /* SansSerifBldFLF.otf */; };
		44F5CBB02661D35100DB03D9 /* TimeLineSwiftUIApp.swift in Sources */ = {isa = PBXBuildFile; fileRef = 44F5CBAF2661D35100DB03D9 /* TimeLineSwiftUIApp.swift */; };
		44F5CBB22661D35100DB03D9 /* ContentView.swift in Sources */ = {isa = PBXBuildFile; fileRef = 44F5CBB12661D35100DB03D9 /* ContentView.swift */; };
		44F5CBB42661D35100DB03D9 /* Assets.xcassets in Resources */ = {isa = PBXBuildFile; fileRef = 44F5CBB32661D35100DB03D9 /* Assets.xcassets */; };
		44F5CBB72661D35100DB03D9 /* Preview Assets.xcassets in Resources */ = {isa = PBXBuildFile; fileRef = 44F5CBB62661D35100DB03D9 /* Preview Assets.xcassets */; };
		44F5CBC22661D35200DB03D9 /* TimeLineSwiftUITests.swift in Sources */ = {isa = PBXBuildFile; fileRef = 44F5CBC12661D35200DB03D9 /* TimeLineSwiftUITests.swift */; };
		44F5CBCD2661D35200DB03D9 /* TimeLineSwiftUIUITests.swift in Sources */ = {isa = PBXBuildFile; fileRef = 44F5CBCC2661D35200DB03D9 /* TimeLineSwiftUIUITests.swift */; };
		44F5CBDF2661D66700DB03D9 /* Event.swift in Sources */ = {isa = PBXBuildFile; fileRef = 44F5CBDE2661D66700DB03D9 /* Event.swift */; };
		44F5CBE92661DDA200DB03D9 /* TimeLinePresenter.swift in Sources */ = {isa = PBXBuildFile; fileRef = 44F5CBE82661DDA200DB03D9 /* TimeLinePresenter.swift */; };
		44F5CBF22661DE3900DB03D9 /* TimeLineInteractor.swift in Sources */ = {isa = PBXBuildFile; fileRef = 44F5CBF12661DE3900DB03D9 /* TimeLineInteractor.swift */; };
		44F5CC012661E3FB00DB03D9 /* TimeLineRouter.swift in Sources */ = {isa = PBXBuildFile; fileRef = 44F5CC002661E3FB00DB03D9 /* TimeLineRouter.swift */; };
		44F5CC0A2661EA6B00DB03D9 /* TimeLineView.swift in Sources */ = {isa = PBXBuildFile; fileRef = 44F5CC092661EA6B00DB03D9 /* TimeLineView.swift */; };
		44F5CC122661F32900DB03D9 /* MatchTitleView.swift in Sources */ = {isa = PBXBuildFile; fileRef = 44F5CC112661F32900DB03D9 /* MatchTitleView.swift */; };
		44F5CC172661F36F00DB03D9 /* EventView.swift in Sources */ = {isa = PBXBuildFile; fileRef = 44F5CC162661F36F00DB03D9 /* EventView.swift */; };
		44F5CC1C2661F84200DB03D9 /* Section.swift in Sources */ = {isa = PBXBuildFile; fileRef = 44F5CC1B2661F84200DB03D9 /* Section.swift */; };
		44F5CC2E266208CA00DB03D9 /* View+extension.swift in Sources */ = {isa = PBXBuildFile; fileRef = 44F5CC2D266208CA00DB03D9 /* View+extension.swift */; };
		44F5CC33266208EE00DB03D9 /* RoundedCorner.swift in Sources */ = {isa = PBXBuildFile; fileRef = 44F5CC32266208EE00DB03D9 /* RoundedCorner.swift */; };
		44F5CC3826620B3200DB03D9 /* TimeLineStyle.swift in Sources */ = {isa = PBXBuildFile; fileRef = 44F5CC3726620B3200DB03D9 /* TimeLineStyle.swift */; };
		44F5CC3E266290BA00DB03D9 /* SectionView.swift in Sources */ = {isa = PBXBuildFile; fileRef = 44F5CC3D266290BA00DB03D9 /* SectionView.swift */; };
/* End PBXBuildFile section */

/* Begin PBXContainerItemProxy section */
		44F5CBBE2661D35200DB03D9 /* PBXContainerItemProxy */ = {
			isa = PBXContainerItemProxy;
			containerPortal = 44F5CBA42661D35100DB03D9 /* Project object */;
			proxyType = 1;
			remoteGlobalIDString = 44F5CBAB2661D35100DB03D9;
			remoteInfo = TimeLineSwiftUI;
		};
		44F5CBC92661D35200DB03D9 /* PBXContainerItemProxy */ = {
			isa = PBXContainerItemProxy;
			containerPortal = 44F5CBA42661D35100DB03D9 /* Project object */;
			proxyType = 1;
			remoteGlobalIDString = 44F5CBAB2661D35100DB03D9;
			remoteInfo = TimeLineSwiftUI;
		};
/* End PBXContainerItemProxy section */

/* Begin PBXFileReference section */
		440AC9A52663EB160068F6B3 /* UIScreen+extension.swift */ = {isa = PBXFileReference; lastKnownFileType = sourcecode.swift; path = "UIScreen+extension.swift"; sourceTree = "<group>"; };
		44C0BBEC2663F03D008D291C /* SansSerifBldFLF.otf */ = {isa = PBXFileReference; lastKnownFileType = file; path = SansSerifBldFLF.otf; sourceTree = "<group>"; };
		44F5CBAC2661D35100DB03D9 /* TimeLineSwiftUI.app */ = {isa = PBXFileReference; explicitFileType = wrapper.application; includeInIndex = 0; path = TimeLineSwiftUI.app; sourceTree = BUILT_PRODUCTS_DIR; };
		44F5CBAF2661D35100DB03D9 /* TimeLineSwiftUIApp.swift */ = {isa = PBXFileReference; lastKnownFileType = sourcecode.swift; path = TimeLineSwiftUIApp.swift; sourceTree = "<group>"; };
		44F5CBB12661D35100DB03D9 /* ContentView.swift */ = {isa = PBXFileReference; lastKnownFileType = sourcecode.swift; path = ContentView.swift; sourceTree = "<group>"; };
		44F5CBB32661D35100DB03D9 /* Assets.xcassets */ = {isa = PBXFileReference; lastKnownFileType = folder.assetcatalog; path = Assets.xcassets; sourceTree = "<group>"; };
		44F5CBB62661D35100DB03D9 /* Preview Assets.xcassets */ = {isa = PBXFileReference; lastKnownFileType = folder.assetcatalog; path = "Preview Assets.xcassets"; sourceTree = "<group>"; };
		44F5CBB82661D35100DB03D9 /* Info.plist */ = {isa = PBXFileReference; lastKnownFileType = text.plist.xml; path = Info.plist; sourceTree = "<group>"; };
		44F5CBBD2661D35200DB03D9 /* TimeLineSwiftUITests.xctest */ = {isa = PBXFileReference; explicitFileType = wrapper.cfbundle; includeInIndex = 0; path = TimeLineSwiftUITests.xctest; sourceTree = BUILT_PRODUCTS_DIR; };
		44F5CBC12661D35200DB03D9 /* TimeLineSwiftUITests.swift */ = {isa = PBXFileReference; lastKnownFileType = sourcecode.swift; path = TimeLineSwiftUITests.swift; sourceTree = "<group>"; };
		44F5CBC32661D35200DB03D9 /* Info.plist */ = {isa = PBXFileReference; lastKnownFileType = text.plist.xml; path = Info.plist; sourceTree = "<group>"; };
		44F5CBC82661D35200DB03D9 /* TimeLineSwiftUIUITests.xctest */ = {isa = PBXFileReference; explicitFileType = wrapper.cfbundle; includeInIndex = 0; path = TimeLineSwiftUIUITests.xctest; sourceTree = BUILT_PRODUCTS_DIR; };
		44F5CBCC2661D35200DB03D9 /* TimeLineSwiftUIUITests.swift */ = {isa = PBXFileReference; lastKnownFileType = sourcecode.swift; path = TimeLineSwiftUIUITests.swift; sourceTree = "<group>"; };
		44F5CBCE2661D35200DB03D9 /* Info.plist */ = {isa = PBXFileReference; lastKnownFileType = text.plist.xml; path = Info.plist; sourceTree = "<group>"; };
		44F5CBDE2661D66700DB03D9 /* Event.swift */ = {isa = PBXFileReference; lastKnownFileType = sourcecode.swift; path = Event.swift; sourceTree = "<group>"; };
		44F5CBE82661DDA200DB03D9 /* TimeLinePresenter.swift */ = {isa = PBXFileReference; lastKnownFileType = sourcecode.swift; path = TimeLinePresenter.swift; sourceTree = "<group>"; };
		44F5CBF12661DE3900DB03D9 /* TimeLineInteractor.swift */ = {isa = PBXFileReference; lastKnownFileType = sourcecode.swift; path = TimeLineInteractor.swift; sourceTree = "<group>"; };
		44F5CC002661E3FB00DB03D9 /* TimeLineRouter.swift */ = {isa = PBXFileReference; lastKnownFileType = sourcecode.swift; path = TimeLineRouter.swift; sourceTree = "<group>"; };
		44F5CC092661EA6B00DB03D9 /* TimeLineView.swift */ = {isa = PBXFileReference; lastKnownFileType = sourcecode.swift; path = TimeLineView.swift; sourceTree = "<group>"; };
		44F5CC112661F32900DB03D9 /* MatchTitleView.swift */ = {isa = PBXFileReference; lastKnownFileType = sourcecode.swift; path = MatchTitleView.swift; sourceTree = "<group>"; };
		44F5CC162661F36F00DB03D9 /* EventView.swift */ = {isa = PBXFileReference; lastKnownFileType = sourcecode.swift; path = EventView.swift; sourceTree = "<group>"; };
		44F5CC1B2661F84200DB03D9 /* Section.swift */ = {isa = PBXFileReference; lastKnownFileType = sourcecode.swift; path = Section.swift; sourceTree = "<group>"; };
		44F5CC2D266208CA00DB03D9 /* View+extension.swift */ = {isa = PBXFileReference; lastKnownFileType = sourcecode.swift; path = "View+extension.swift"; sourceTree = "<group>"; };
		44F5CC32266208EE00DB03D9 /* RoundedCorner.swift */ = {isa = PBXFileReference; lastKnownFileType = sourcecode.swift; path = RoundedCorner.swift; sourceTree = "<group>"; };
		44F5CC3726620B3200DB03D9 /* TimeLineStyle.swift */ = {isa = PBXFileReference; lastKnownFileType = sourcecode.swift; path = TimeLineStyle.swift; sourceTree = "<group>"; };
		44F5CC3D266290BA00DB03D9 /* SectionView.swift */ = {isa = PBXFileReference; lastKnownFileType = sourcecode.swift; path = SectionView.swift; sourceTree = "<group>"; };
/* End PBXFileReference section */

/* Begin PBXFrameworksBuildPhase section */
		44F5CBA92661D35100DB03D9 /* Frameworks */ = {
			isa = PBXFrameworksBuildPhase;
			buildActionMask = 2147483647;
			files = (
			);
			runOnlyForDeploymentPostprocessing = 0;
		};
		44F5CBBA2661D35200DB03D9 /* Frameworks */ = {
			isa = PBXFrameworksBuildPhase;
			buildActionMask = 2147483647;
			files = (
			);
			runOnlyForDeploymentPostprocessing = 0;
		};
		44F5CBC52661D35200DB03D9 /* Frameworks */ = {
			isa = PBXFrameworksBuildPhase;
			buildActionMask = 2147483647;
			files = (
			);
			runOnlyForDeploymentPostprocessing = 0;
		};
/* End PBXFrameworksBuildPhase section */

/* Begin PBXGroup section */
		44C0BBEB2663F02C008D291C /* Fonts */ = {
			isa = PBXGroup;
			children = (
				44C0BBEC2663F03D008D291C /* SansSerifBldFLF.otf */,
			);
			path = Fonts;
			sourceTree = "<group>";
		};
		44F5CBA32661D35100DB03D9 = {
			isa = PBXGroup;
			children = (
				44F5CBAE2661D35100DB03D9 /* TimeLineSwiftUI */,
				44F5CBC02661D35200DB03D9 /* TimeLineSwiftUITests */,
				44F5CBCB2661D35200DB03D9 /* TimeLineSwiftUIUITests */,
				44F5CBAD2661D35100DB03D9 /* Products */,
			);
			sourceTree = "<group>";
		};
		44F5CBAD2661D35100DB03D9 /* Products */ = {
			isa = PBXGroup;
			children = (
				44F5CBAC2661D35100DB03D9 /* TimeLineSwiftUI.app */,
				44F5CBBD2661D35200DB03D9 /* TimeLineSwiftUITests.xctest */,
				44F5CBC82661D35200DB03D9 /* TimeLineSwiftUIUITests.xctest */,
			);
			name = Products;
			sourceTree = "<group>";
		};
		44F5CBAE2661D35100DB03D9 /* TimeLineSwiftUI */ = {
			isa = PBXGroup;
			children = (
				44F5CC202662020500DB03D9 /* Utils */,
				44F5CBE62661DD7600DB03D9 /* Module */,
				44F5CBAF2661D35100DB03D9 /* TimeLineSwiftUIApp.swift */,
				44F5CBB12661D35100DB03D9 /* ContentView.swift */,
				44F5CBB32661D35100DB03D9 /* Assets.xcassets */,
				44F5CBB82661D35100DB03D9 /* Info.plist */,
				44F5CBB52661D35100DB03D9 /* Preview Content */,
			);
			path = TimeLineSwiftUI;
			sourceTree = "<group>";
		};
		44F5CBB52661D35100DB03D9 /* Preview Content */ = {
			isa = PBXGroup;
			children = (
				44F5CBB62661D35100DB03D9 /* Preview Assets.xcassets */,
			);
			path = "Preview Content";
			sourceTree = "<group>";
		};
		44F5CBC02661D35200DB03D9 /* TimeLineSwiftUITests */ = {
			isa = PBXGroup;
			children = (
				44F5CBC12661D35200DB03D9 /* TimeLineSwiftUITests.swift */,
				44F5CBC32661D35200DB03D9 /* Info.plist */,
			);
			path = TimeLineSwiftUITests;
			sourceTree = "<group>";
		};
		44F5CBCB2661D35200DB03D9 /* TimeLineSwiftUIUITests */ = {
			isa = PBXGroup;
			children = (
				44F5CBCC2661D35200DB03D9 /* TimeLineSwiftUIUITests.swift */,
				44F5CBCE2661D35200DB03D9 /* Info.plist */,
			);
			path = TimeLineSwiftUIUITests;
			sourceTree = "<group>";
		};
		44F5CBDD2661D61100DB03D9 /* Entity */ = {
			isa = PBXGroup;
			children = (
				44F5CBDE2661D66700DB03D9 /* Event.swift */,
				44F5CC1B2661F84200DB03D9 /* Section.swift */,
			);
			path = Entity;
			sourceTree = "<group>";
		};
		44F5CBE62661DD7600DB03D9 /* Module */ = {
			isa = PBXGroup;
			children = (
				44F5CC082661EA5500DB03D9 /* View */,
				44F5CBFF2661E3E300DB03D9 /* Router */,
				44F5CBF02661DE2700DB03D9 /* Interactor */,
				44F5CBE72661DD8400DB03D9 /* Presenter */,
				44F5CBDD2661D61100DB03D9 /* Entity */,
			);
			path = Module;
			sourceTree = "<group>";
		};
		44F5CBE72661DD8400DB03D9 /* Presenter */ = {
			isa = PBXGroup;
			children = (
				44F5CBE82661DDA200DB03D9 /* TimeLinePresenter.swift */,
			);
			path = Presenter;
			sourceTree = "<group>";
		};
		44F5CBF02661DE2700DB03D9 /* Interactor */ = {
			isa = PBXGroup;
			children = (
				44F5CBF12661DE3900DB03D9 /* TimeLineInteractor.swift */,
			);
			path = Interactor;
			sourceTree = "<group>";
		};
		44F5CBFF2661E3E300DB03D9 /* Router */ = {
			isa = PBXGroup;
			children = (
				44F5CC002661E3FB00DB03D9 /* TimeLineRouter.swift */,
			);
			path = Router;
			sourceTree = "<group>";
		};
		44F5CC082661EA5500DB03D9 /* View */ = {
			isa = PBXGroup;
			children = (
				44F5CC092661EA6B00DB03D9 /* TimeLineView.swift */,
				44F5CC112661F32900DB03D9 /* MatchTitleView.swift */,
				44F5CC162661F36F00DB03D9 /* EventView.swift */,
				44F5CC3D266290BA00DB03D9 /* SectionView.swift */,
			);
			path = View;
			sourceTree = "<group>";
		};
		44F5CC202662020500DB03D9 /* Utils */ = {
			isa = PBXGroup;
			children = (
				44C0BBEB2663F02C008D291C /* Fonts */,
				44F5CC212662024F00DB03D9 /* Extensions */,
				44F5CC32266208EE00DB03D9 /* RoundedCorner.swift */,
				44F5CC3726620B3200DB03D9 /* TimeLineStyle.swift */,
			);
			path = Utils;
			sourceTree = "<group>";
		};
		44F5CC212662024F00DB03D9 /* Extensions */ = {
			isa = PBXGroup;
			children = (
				44F5CC2D266208CA00DB03D9 /* View+extension.swift */,
				440AC9A52663EB160068F6B3 /* UIScreen+extension.swift */,
			);
			path = Extensions;
			sourceTree = "<group>";
		};
/* End PBXGroup section */

/* Begin PBXNativeTarget section */
		44F5CBAB2661D35100DB03D9 /* TimeLineSwiftUI */ = {
			isa = PBXNativeTarget;
			buildConfigurationList = 44F5CBD12661D35200DB03D9 /* Build configuration list for PBXNativeTarget "TimeLineSwiftUI" */;
			buildPhases = (
				44F5CBA82661D35100DB03D9 /* Sources */,
				44F5CBA92661D35100DB03D9 /* Frameworks */,
				44F5CBAA2661D35100DB03D9 /* Resources */,
			);
			buildRules = (
			);
			dependencies = (
			);
			name = TimeLineSwiftUI;
			productName = TimeLineSwiftUI;
			productReference = 44F5CBAC2661D35100DB03D9 /* TimeLineSwiftUI.app */;
			productType = "com.apple.product-type.application";
		};
		44F5CBBC2661D35200DB03D9 /* TimeLineSwiftUITests */ = {
			isa = PBXNativeTarget;
			buildConfigurationList = 44F5CBD42661D35200DB03D9 /* Build configuration list for PBXNativeTarget "TimeLineSwiftUITests" */;
			buildPhases = (
				44F5CBB92661D35200DB03D9 /* Sources */,
				44F5CBBA2661D35200DB03D9 /* Frameworks */,
				44F5CBBB2661D35200DB03D9 /* Resources */,
			);
			buildRules = (
			);
			dependencies = (
				44F5CBBF2661D35200DB03D9 /* PBXTargetDependency */,
			);
			name = TimeLineSwiftUITests;
			productName = TimeLineSwiftUITests;
			productReference = 44F5CBBD2661D35200DB03D9 /* TimeLineSwiftUITests.xctest */;
			productType = "com.apple.product-type.bundle.unit-test";
		};
		44F5CBC72661D35200DB03D9 /* TimeLineSwiftUIUITests */ = {
			isa = PBXNativeTarget;
			buildConfigurationList = 44F5CBD72661D35200DB03D9 /* Build configuration list for PBXNativeTarget "TimeLineSwiftUIUITests" */;
			buildPhases = (
				44F5CBC42661D35200DB03D9 /* Sources */,
				44F5CBC52661D35200DB03D9 /* Frameworks */,
				44F5CBC62661D35200DB03D9 /* Resources */,
			);
			buildRules = (
			);
			dependencies = (
				44F5CBCA2661D35200DB03D9 /* PBXTargetDependency */,
			);
			name = TimeLineSwiftUIUITests;
			productName = TimeLineSwiftUIUITests;
			productReference = 44F5CBC82661D35200DB03D9 /* TimeLineSwiftUIUITests.xctest */;
			productType = "com.apple.product-type.bundle.ui-testing";
		};
/* End PBXNativeTarget section */

/* Begin PBXProject section */
		44F5CBA42661D35100DB03D9 /* Project object */ = {
			isa = PBXProject;
			attributes = {
				LastSwiftUpdateCheck = 1240;
				LastUpgradeCheck = 1240;
				TargetAttributes = {
					44F5CBAB2661D35100DB03D9 = {
						CreatedOnToolsVersion = 12.4;
					};
					44F5CBBC2661D35200DB03D9 = {
						CreatedOnToolsVersion = 12.4;
						TestTargetID = 44F5CBAB2661D35100DB03D9;
					};
					44F5CBC72661D35200DB03D9 = {
						CreatedOnToolsVersion = 12.4;
						TestTargetID = 44F5CBAB2661D35100DB03D9;
					};
				};
			};
			buildConfigurationList = 44F5CBA72661D35100DB03D9 /* Build configuration list for PBXProject "TimeLineSwiftUI" */;
			compatibilityVersion = "Xcode 9.3";
			developmentRegion = en;
			hasScannedForEncodings = 0;
			knownRegions = (
				en,
				Base,
			);
			mainGroup = 44F5CBA32661D35100DB03D9;
			productRefGroup = 44F5CBAD2661D35100DB03D9 /* Products */;
			projectDirPath = "";
			projectRoot = "";
			targets = (
				44F5CBAB2661D35100DB03D9 /* TimeLineSwiftUI */,
				44F5CBBC2661D35200DB03D9 /* TimeLineSwiftUITests */,
				44F5CBC72661D35200DB03D9 /* TimeLineSwiftUIUITests */,
			);
		};
/* End PBXProject section */

/* Begin PBXResourcesBuildPhase section */
		44F5CBAA2661D35100DB03D9 /* Resources */ = {
			isa = PBXResourcesBuildPhase;
			buildActionMask = 2147483647;
			files = (
				44F5CBB72661D35100DB03D9 /* Preview Assets.xcassets in Resources */,
				44C0BBED2663F03D008D291C /* SansSerifBldFLF.otf in Resources */,
				44F5CBB42661D35100DB03D9 /* Assets.xcassets in Resources */,
			);
			runOnlyForDeploymentPostprocessing = 0;
		};
		44F5CBBB2661D35200DB03D9 /* Resources */ = {
			isa = PBXResourcesBuildPhase;
			buildActionMask = 2147483647;
			files = (
			);
			runOnlyForDeploymentPostprocessing = 0;
		};
		44F5CBC62661D35200DB03D9 /* Resources */ = {
			isa = PBXResourcesBuildPhase;
			buildActionMask = 2147483647;
			files = (
			);
			runOnlyForDeploymentPostprocessing = 0;
		};
/* End PBXResourcesBuildPhase section */

/* Begin PBXSourcesBuildPhase section */
		44F5CBA82661D35100DB03D9 /* Sources */ = {
			isa = PBXSourcesBuildPhase;
			buildActionMask = 2147483647;
			files = (
				44F5CC33266208EE00DB03D9 /* RoundedCorner.swift in Sources */,
				44F5CBB22661D35100DB03D9 /* ContentView.swift in Sources */,
				440AC9A62663EB160068F6B3 /* UIScreen+extension.swift in Sources */,
				44F5CC122661F32900DB03D9 /* MatchTitleView.swift in Sources */,
				44F5CC012661E3FB00DB03D9 /* TimeLineRouter.swift in Sources */,
				44F5CC3826620B3200DB03D9 /* TimeLineStyle.swift in Sources */,
				44F5CC172661F36F00DB03D9 /* EventView.swift in Sources */,
				44F5CBE92661DDA200DB03D9 /* TimeLinePresenter.swift in Sources */,
				44F5CC1C2661F84200DB03D9 /* Section.swift in Sources */,
				44F5CBDF2661D66700DB03D9 /* Event.swift in Sources */,
				44F5CC2E266208CA00DB03D9 /* View+extension.swift in Sources */,
				44F5CC3E266290BA00DB03D9 /* SectionView.swift in Sources */,
				44F5CBB02661D35100DB03D9 /* TimeLineSwiftUIApp.swift in Sources */,
				44F5CBF22661DE3900DB03D9 /* TimeLineInteractor.swift in Sources */,
				44F5CC0A2661EA6B00DB03D9 /* TimeLineView.swift in Sources */,
			);
			runOnlyForDeploymentPostprocessing = 0;
		};
		44F5CBB92661D35200DB03D9 /* Sources */ = {
			isa = PBXSourcesBuildPhase;
			buildActionMask = 2147483647;
			files = (
				44F5CBC22661D35200DB03D9 /* TimeLineSwiftUITests.swift in Sources */,
			);
			runOnlyForDeploymentPostprocessing = 0;
		};
		44F5CBC42661D35200DB03D9 /* Sources */ = {
			isa = PBXSourcesBuildPhase;
			buildActionMask = 2147483647;
			files = (
				44F5CBCD2661D35200DB03D9 /* TimeLineSwiftUIUITests.swift in Sources */,
			);
			runOnlyForDeploymentPostprocessing = 0;
		};
/* End PBXSourcesBuildPhase section */

/* Begin PBXTargetDependency section */
		44F5CBBF2661D35200DB03D9 /* PBXTargetDependency */ = {
			isa = PBXTargetDependency;
			target = 44F5CBAB2661D35100DB03D9 /* TimeLineSwiftUI */;
			targetProxy = 44F5CBBE2661D35200DB03D9 /* PBXContainerItemProxy */;
		};
		44F5CBCA2661D35200DB03D9 /* PBXTargetDependency */ = {
			isa = PBXTargetDependency;
			target = 44F5CBAB2661D35100DB03D9 /* TimeLineSwiftUI */;
			targetProxy = 44F5CBC92661D35200DB03D9 /* PBXContainerItemProxy */;
		};
/* End PBXTargetDependency section */

/* Begin XCBuildConfiguration section */
		44F5CBCF2661D35200DB03D9 /* Debug */ = {
			isa = XCBuildConfiguration;
			buildSettings = {
				ALWAYS_SEARCH_USER_PATHS = NO;
				CLANG_ANALYZER_NONNULL = YES;
				CLANG_ANALYZER_NUMBER_OBJECT_CONVERSION = YES_AGGRESSIVE;
				CLANG_CXX_LANGUAGE_STANDARD = "gnu++14";
				CLANG_CXX_LIBRARY = "libc++";
				CLANG_ENABLE_MODULES = YES;
				CLANG_ENABLE_OBJC_ARC = YES;
				CLANG_ENABLE_OBJC_WEAK = YES;
				CLANG_WARN_BLOCK_CAPTURE_AUTORELEASING = YES;
				CLANG_WARN_BOOL_CONVERSION = YES;
				CLANG_WARN_COMMA = YES;
				CLANG_WARN_CONSTANT_CONVERSION = YES;
				CLANG_WARN_DEPRECATED_OBJC_IMPLEMENTATIONS = YES;
				CLANG_WARN_DIRECT_OBJC_ISA_USAGE = YES_ERROR;
				CLANG_WARN_DOCUMENTATION_COMMENTS = YES;
				CLANG_WARN_EMPTY_BODY = YES;
				CLANG_WARN_ENUM_CONVERSION = YES;
				CLANG_WARN_INFINITE_RECURSION = YES;
				CLANG_WARN_INT_CONVERSION = YES;
				CLANG_WARN_NON_LITERAL_NULL_CONVERSION = YES;
				CLANG_WARN_OBJC_IMPLICIT_RETAIN_SELF = YES;
				CLANG_WARN_OBJC_LITERAL_CONVERSION = YES;
				CLANG_WARN_OBJC_ROOT_CLASS = YES_ERROR;
				CLANG_WARN_QUOTED_INCLUDE_IN_FRAMEWORK_HEADER = YES;
				CLANG_WARN_RANGE_LOOP_ANALYSIS = YES;
				CLANG_WARN_STRICT_PROTOTYPES = YES;
				CLANG_WARN_SUSPICIOUS_MOVE = YES;
				CLANG_WARN_UNGUARDED_AVAILABILITY = YES_AGGRESSIVE;
				CLANG_WARN_UNREACHABLE_CODE = YES;
				CLANG_WARN__DUPLICATE_METHOD_MATCH = YES;
				COPY_PHASE_STRIP = NO;
				DEBUG_INFORMATION_FORMAT = dwarf;
				ENABLE_STRICT_OBJC_MSGSEND = YES;
				ENABLE_TESTABILITY = YES;
				GCC_C_LANGUAGE_STANDARD = gnu11;
				GCC_DYNAMIC_NO_PIC = NO;
				GCC_NO_COMMON_BLOCKS = YES;
				GCC_OPTIMIZATION_LEVEL = 0;
				GCC_PREPROCESSOR_DEFINITIONS = (
					"DEBUG=1",
					"$(inherited)",
				);
				GCC_WARN_64_TO_32_BIT_CONVERSION = YES;
				GCC_WARN_ABOUT_RETURN_TYPE = YES_ERROR;
				GCC_WARN_UNDECLARED_SELECTOR = YES;
				GCC_WARN_UNINITIALIZED_AUTOS = YES_AGGRESSIVE;
				GCC_WARN_UNUSED_FUNCTION = YES;
				GCC_WARN_UNUSED_VARIABLE = YES;
				IPHONEOS_DEPLOYMENT_TARGET = 14.4;
				MTL_ENABLE_DEBUG_INFO = INCLUDE_SOURCE;
				MTL_FAST_MATH = YES;
				ONLY_ACTIVE_ARCH = YES;
				SDKROOT = iphoneos;
				SWIFT_ACTIVE_COMPILATION_CONDITIONS = DEBUG;
				SWIFT_OPTIMIZATION_LEVEL = "-Onone";
			};
			name = Debug;
		};
		44F5CBD02661D35200DB03D9 /* Release */ = {
			isa = XCBuildConfiguration;
			buildSettings = {
				ALWAYS_SEARCH_USER_PATHS = NO;
				CLANG_ANALYZER_NONNULL = YES;
				CLANG_ANALYZER_NUMBER_OBJECT_CONVERSION = YES_AGGRESSIVE;
				CLANG_CXX_LANGUAGE_STANDARD = "gnu++14";
				CLANG_CXX_LIBRARY = "libc++";
				CLANG_ENABLE_MODULES = YES;
				CLANG_ENABLE_OBJC_ARC = YES;
				CLANG_ENABLE_OBJC_WEAK = YES;
				CLANG_WARN_BLOCK_CAPTURE_AUTORELEASING = YES;
				CLANG_WARN_BOOL_CONVERSION = YES;
				CLANG_WARN_COMMA = YES;
				CLANG_WARN_CONSTANT_CONVERSION = YES;
				CLANG_WARN_DEPRECATED_OBJC_IMPLEMENTATIONS = YES;
				CLANG_WARN_DIRECT_OBJC_ISA_USAGE = YES_ERROR;
				CLANG_WARN_DOCUMENTATION_COMMENTS = YES;
				CLANG_WARN_EMPTY_BODY = YES;
				CLANG_WARN_ENUM_CONVERSION = YES;
				CLANG_WARN_INFINITE_RECURSION = YES;
				CLANG_WARN_INT_CONVERSION = YES;
				CLANG_WARN_NON_LITERAL_NULL_CONVERSION = YES;
				CLANG_WARN_OBJC_IMPLICIT_RETAIN_SELF = YES;
				CLANG_WARN_OBJC_LITERAL_CONVERSION = YES;
				CLANG_WARN_OBJC_ROOT_CLASS = YES_ERROR;
				CLANG_WARN_QUOTED_INCLUDE_IN_FRAMEWORK_HEADER = YES;
				CLANG_WARN_RANGE_LOOP_ANALYSIS = YES;
				CLANG_WARN_STRICT_PROTOTYPES = YES;
				CLANG_WARN_SUSPICIOUS_MOVE = YES;
				CLANG_WARN_UNGUARDED_AVAILABILITY = YES_AGGRESSIVE;
				CLANG_WARN_UNREACHABLE_CODE = YES;
				CLANG_WARN__DUPLICATE_METHOD_MATCH = YES;
				COPY_PHASE_STRIP = NO;
				DEBUG_INFORMATION_FORMAT = "dwarf-with-dsym";
				ENABLE_NS_ASSERTIONS = NO;
				ENABLE_STRICT_OBJC_MSGSEND = YES;
				GCC_C_LANGUAGE_STANDARD = gnu11;
				GCC_NO_COMMON_BLOCKS = YES;
				GCC_WARN_64_TO_32_BIT_CONVERSION = YES;
				GCC_WARN_ABOUT_RETURN_TYPE = YES_ERROR;
				GCC_WARN_UNDECLARED_SELECTOR = YES;
				GCC_WARN_UNINITIALIZED_AUTOS = YES_AGGRESSIVE;
				GCC_WARN_UNUSED_FUNCTION = YES;
				GCC_WARN_UNUSED_VARIABLE = YES;
				IPHONEOS_DEPLOYMENT_TARGET = 14.4;
				MTL_ENABLE_DEBUG_INFO = NO;
				MTL_FAST_MATH = YES;
				SDKROOT = iphoneos;
				SWIFT_COMPILATION_MODE = wholemodule;
				SWIFT_OPTIMIZATION_LEVEL = "-O";
				VALIDATE_PRODUCT = YES;
			};
			name = Release;
		};
		44F5CBD22661D35200DB03D9 /* Debug */ = {
			isa = XCBuildConfiguration;
			buildSettings = {
				ASSETCATALOG_COMPILER_APPICON_NAME = AppIcon;
				ASSETCATALOG_COMPILER_GLOBAL_ACCENT_COLOR_NAME = AccentColor;
				CODE_SIGN_STYLE = Automatic;
				DEVELOPMENT_ASSET_PATHS = "\"TimeLineSwiftUI/Preview Content\"";
				ENABLE_PREVIEWS = YES;
				INFOPLIST_FILE = TimeLineSwiftUI/Info.plist;
				IPHONEOS_DEPLOYMENT_TARGET = 14.0;
				LD_RUNPATH_SEARCH_PATHS = (
					"$(inherited)",
					"@executable_path/Frameworks",
				);
				PRODUCT_BUNDLE_IDENTIFIER = com.estemanp.TimeLineSwiftUI;
				PRODUCT_NAME = "$(TARGET_NAME)";
				SWIFT_VERSION = 5.0;
				TARGETED_DEVICE_FAMILY = "1,2";
			};
			name = Debug;
		};
		44F5CBD32661D35200DB03D9 /* Release */ = {
			isa = XCBuildConfiguration;
			buildSettings = {
				ASSETCATALOG_COMPILER_APPICON_NAME = AppIcon;
				ASSETCATALOG_COMPILER_GLOBAL_ACCENT_COLOR_NAME = AccentColor;
				CODE_SIGN_STYLE = Automatic;
				DEVELOPMENT_ASSET_PATHS = "\"TimeLineSwiftUI/Preview Content\"";
				ENABLE_PREVIEWS = YES;
				INFOPLIST_FILE = TimeLineSwiftUI/Info.plist;
				IPHONEOS_DEPLOYMENT_TARGET = 14.0;
				LD_RUNPATH_SEARCH_PATHS = (
					"$(inherited)",
					"@executable_path/Frameworks",
				);
				PRODUCT_BUNDLE_IDENTIFIER = com.estemanp.TimeLineSwiftUI;
				PRODUCT_NAME = "$(TARGET_NAME)";
				SWIFT_VERSION = 5.0;
				TARGETED_DEVICE_FAMILY = "1,2";
			};
			name = Release;
		};
		44F5CBD52661D35200DB03D9 /* Debug */ = {
			isa = XCBuildConfiguration;
			buildSettings = {
				ALWAYS_EMBED_SWIFT_STANDARD_LIBRARIES = YES;
				BUNDLE_LOADER = "$(TEST_HOST)";
				CODE_SIGN_STYLE = Automatic;
				INFOPLIST_FILE = TimeLineSwiftUITests/Info.plist;
				IPHONEOS_DEPLOYMENT_TARGET = 14.0;
				LD_RUNPATH_SEARCH_PATHS = (
					"$(inherited)",
					"@executable_path/Frameworks",
					"@loader_path/Frameworks",
				);
				PRODUCT_BUNDLE_IDENTIFIER = com.estemanp.TimeLineSwiftUITests;
				PRODUCT_NAME = "$(TARGET_NAME)";
				SWIFT_VERSION = 5.0;
				TARGETED_DEVICE_FAMILY = "1,2";
				TEST_HOST = "$(BUILT_PRODUCTS_DIR)/TimeLineSwiftUI.app/TimeLineSwiftUI";
			};
			name = Debug;
		};
		44F5CBD62661D35200DB03D9 /* Release */ = {
			isa = XCBuildConfiguration;
			buildSettings = {
				ALWAYS_EMBED_SWIFT_STANDARD_LIBRARIES = YES;
				BUNDLE_LOADER = "$(TEST_HOST)";
				CODE_SIGN_STYLE = Automatic;
				INFOPLIST_FILE = TimeLineSwiftUITests/Info.plist;
				IPHONEOS_DEPLOYMENT_TARGET = 14.0;
				LD_RUNPATH_SEARCH_PATHS = (
					"$(inherited)",
					"@executable_path/Frameworks",
					"@loader_path/Frameworks",
				);
				PRODUCT_BUNDLE_IDENTIFIER = com.estemanp.TimeLineSwiftUITests;
				PRODUCT_NAME = "$(TARGET_NAME)";
				SWIFT_VERSION = 5.0;
				TARGETED_DEVICE_FAMILY = "1,2";
				TEST_HOST = "$(BUILT_PRODUCTS_DIR)/TimeLineSwiftUI.app/TimeLineSwiftUI";
			};
			name = Release;
		};
		44F5CBD82661D35200DB03D9 /* Debug */ = {
			isa = XCBuildConfiguration;
			buildSettings = {
				ALWAYS_EMBED_SWIFT_STANDARD_LIBRARIES = YES;
				CODE_SIGN_STYLE = Automatic;
				INFOPLIST_FILE = TimeLineSwiftUIUITests/Info.plist;
				LD_RUNPATH_SEARCH_PATHS = (
					"$(inherited)",
					"@executable_path/Frameworks",
					"@loader_path/Frameworks",
				);
				PRODUCT_BUNDLE_IDENTIFIER = com.estemanp.TimeLineSwiftUIUITests;
				PRODUCT_NAME = "$(TARGET_NAME)";
				SWIFT_VERSION = 5.0;
				TARGETED_DEVICE_FAMILY = "1,2";
				TEST_TARGET_NAME = TimeLineSwiftUI;
			};
			name = Debug;
		};
		44F5CBD92661D35200DB03D9 /* Release */ = {
			isa = XCBuildConfiguration;
			buildSettings = {
				ALWAYS_EMBED_SWIFT_STANDARD_LIBRARIES = YES;
				CODE_SIGN_STYLE = Automatic;
				INFOPLIST_FILE = TimeLineSwiftUIUITests/Info.plist;
				LD_RUNPATH_SEARCH_PATHS = (
					"$(inherited)",
					"@executable_path/Frameworks",
					"@loader_path/Frameworks",
				);
				PRODUCT_BUNDLE_IDENTIFIER = com.estemanp.TimeLineSwiftUIUITests;
				PRODUCT_NAME = "$(TARGET_NAME)";
				SWIFT_VERSION = 5.0;
				TARGETED_DEVICE_FAMILY = "1,2";
				TEST_TARGET_NAME = TimeLineSwiftUI;
			};
			name = Release;
		};
/* End XCBuildConfiguration section */

/* Begin XCConfigurationList section */
		44F5CBA72661D35100DB03D9 /* Build configuration list for PBXProject "TimeLineSwiftUI" */ = {
			isa = XCConfigurationList;
			buildConfigurations = (
				44F5CBCF2661D35200DB03D9 /* Debug */,
				44F5CBD02661D35200DB03D9 /* Release */,
			);
			defaultConfigurationIsVisible = 0;
			defaultConfigurationName = Release;
		};
		44F5CBD12661D35200DB03D9 /* Build configuration list for PBXNativeTarget "TimeLineSwiftUI" */ = {
			isa = XCConfigurationList;
			buildConfigurations = (
				44F5CBD22661D35200DB03D9 /* Debug */,
				44F5CBD32661D35200DB03D9 /* Release */,
			);
			defaultConfigurationIsVisible = 0;
			defaultConfigurationName = Release;
		};
		44F5CBD42661D35200DB03D9 /* Build configuration list for PBXNativeTarget "TimeLineSwiftUITests" */ = {
			isa = XCConfigurationList;
			buildConfigurations = (
				44F5CBD52661D35200DB03D9 /* Debug */,
				44F5CBD62661D35200DB03D9 /* Release */,
			);
			defaultConfigurationIsVisible = 0;
			defaultConfigurationName = Release;
		};
		44F5CBD72661D35200DB03D9 /* Build configuration list for PBXNativeTarget "TimeLineSwiftUIUITests" */ = {
			isa = XCConfigurationList;
			buildConfigurations = (
				44F5CBD82661D35200DB03D9 /* Debug */,
				44F5CBD92661D35200DB03D9 /* Release */,
			);
			defaultConfigurationIsVisible = 0;
			defaultConfigurationName = Release;
		};
/* End XCConfigurationList section */
	};
	rootObject = 44F5CBA42661D35100DB03D9 /* Project object */;
}
